
Microsoft Visual Studio Solution File, Format Version 12.00
# Visual Studio Version 16
VisualStudioVersion = 16.0.30717.126
MinimumVisualStudioVersion = 10.0.40219.1
Project("{FAE04EC0-301F-11D3-BF4B-00C04F79EFBC}") = "BookStore", "BookStore.csproj", "{3A8524EF-24BB-49BA-A86F-00BB60168C4A}"
EndProject
Global
	GlobalSection(SolutionConfigurationPlatforms) = preSolution
		Debug|Any CPU = Debug|Any CPU
		Release|Any CPU = Release|Any CPU
	EndGlobalSection
	GlobalSection(ProjectConfigurationPlatforms) = postSolution
		{3A8524EF-24BB-49BA-A86F-00BB60168C4A}.Debug|Any CPU.ActiveCfg = Debug|Any CPU
		{3A8524EF-24BB-49BA-A86F-00BB60168C4A}.Debug|Any CPU.Build.0 = Debug|Any CPU
		{3A8524EF-24BB-49BA-A86F-00BB60168C4A}.Release|Any CPU.ActiveCfg = Release|Any CPU
		{3A8524EF-24BB-49BA-A86F-00BB60168C4A}.Release|Any CPU.Build.0 = Release|Any CPU
	EndGlobalSection
	GlobalSection(SolutionProperties) = preSolution
		HideSolutionNode = FALSE
	EndGlobalSection
	GlobalSection(ExtensibilityGlobals) = postSolution
		SolutionGuid = {7487A8DC-4E25-4BE5-9CB3-1CF888858A1D}
	EndGlobalSection
EndGlobal
